
Microsoft Visual Studio Solution File, Format Version 12.00
# Visual Studio Version 17
VisualStudioVersion = 17.0.31903.59
MinimumVisualStudioVersion = 10.0.40219.1
Project("{FAE04EC0-301F-11D3-BF4B-00C04F79EFBC}") = "HCore.Main", "src\HCore.Main\HCore.Main.csproj", "{01B780B1-4032-4979-BEAD-D5857F6E2F9A}"
EndProject
Project("{FAE04EC0-301F-11D3-BF4B-00C04F79EFBC}") = "HCore.Modules.Base", "src\HCore.Modules.Base\HCore.Modules.Base.csproj", "{3DB02EAC-F61C-46A1-A002-C3F070B2637F}"
EndProject
Project("{FAE04EC0-301F-11D3-BF4B-00C04F79EFBC}") = "HCore.Packages.TestDemo", "HCore.Packages.TestDemo\HCore.Packages.TestDemo.csproj", "{1CB1FC5A-22FA-4562-A162-9B21A2B42637}"
EndProject
Project("{FAE04EC0-301F-11D3-BF4B-00C04F79EFBC}") = "AFCP", "AFCP\AFCP.csproj", "{06745DC9-FC87-4BF2-AED1-7FABFFAF30E7}"
EndProject
Project("{FAE04EC0-301F-11D3-BF4B-00C04F79EFBC}") = "HCore.Packages.Nexus", "HCore.Packages.Nexus\HCore.Packages.Nexus.csproj", "{0C21FE61-4B07-439F-B9E5-B97184BE8F22}"
EndProject
Project("{FAE04EC0-301F-11D3-BF4B-00C04F79EFBC}") = "KASerializer", "afcp\kaserializer\src\KASerializer\KASerializer.csproj", "{9F5F6E34-5FB1-4546-A6F3-4874F1B772E2}"
EndProject
Project("{2150E333-8FDC-42A3-9474-1A3956D46DE8}") = "src", "src", "{827E0CD3-B72D-47B6-A68D-7590B98EB39B}"
EndProject
Project("{FAE04EC0-301F-11D3-BF4B-00C04F79EFBC}") = "HCore.Modules.Robotics", "src\HCore.Modules.Robotics\HCore.Modules.Robotics.csproj", "{CA7E4CA7-871C-4EC9-A756-010BF3C22933}"
EndProject
Project("{FAE04EC0-301F-11D3-BF4B-00C04F79EFBC}") = "HCore.Packages.HMount", "HCore.Packages.HMount\HCore.Packages.HMount.csproj", "{33F5E9D7-73DF-412F-8B4C-1A7FE272C4FC}"
EndProject
Global
	GlobalSection(SolutionConfigurationPlatforms) = preSolution
		Debug|Any CPU = Debug|Any CPU
		Debug|x64 = Debug|x64
		Debug|x86 = Debug|x86
		Release|Any CPU = Release|Any CPU
		Release|x64 = Release|x64
		Release|x86 = Release|x86
	EndGlobalSection
	GlobalSection(ProjectConfigurationPlatforms) = postSolution
		{01B780B1-4032-4979-BEAD-D5857F6E2F9A}.Debug|Any CPU.ActiveCfg = Debug|Any CPU
		{01B780B1-4032-4979-BEAD-D5857F6E2F9A}.Debug|Any CPU.Build.0 = Debug|Any CPU
		{01B780B1-4032-4979-BEAD-D5857F6E2F9A}.Debug|x64.ActiveCfg = Debug|Any CPU
		{01B780B1-4032-4979-BEAD-D5857F6E2F9A}.Debug|x64.Build.0 = Debug|Any CPU
		{01B780B1-4032-4979-BEAD-D5857F6E2F9A}.Debug|x86.ActiveCfg = Debug|Any CPU
		{01B780B1-4032-4979-BEAD-D5857F6E2F9A}.Debug|x86.Build.0 = Debug|Any CPU
		{01B780B1-4032-4979-BEAD-D5857F6E2F9A}.Release|Any CPU.ActiveCfg = Release|Any CPU
		{01B780B1-4032-4979-BEAD-D5857F6E2F9A}.Release|Any CPU.Build.0 = Release|Any CPU
		{01B780B1-4032-4979-BEAD-D5857F6E2F9A}.Release|x64.ActiveCfg = Release|Any CPU
		{01B780B1-4032-4979-BEAD-D5857F6E2F9A}.Release|x64.Build.0 = Release|Any CPU
		{01B780B1-4032-4979-BEAD-D5857F6E2F9A}.Release|x86.ActiveCfg = Release|Any CPU
		{01B780B1-4032-4979-BEAD-D5857F6E2F9A}.Release|x86.Build.0 = Release|Any CPU
		{3DB02EAC-F61C-46A1-A002-C3F070B2637F}.Debug|Any CPU.ActiveCfg = Debug|Any CPU
		{3DB02EAC-F61C-46A1-A002-C3F070B2637F}.Debug|Any CPU.Build.0 = Debug|Any CPU
		{3DB02EAC-F61C-46A1-A002-C3F070B2637F}.Debug|x64.ActiveCfg = Debug|Any CPU
		{3DB02EAC-F61C-46A1-A002-C3F070B2637F}.Debug|x64.Build.0 = Debug|Any CPU
		{3DB02EAC-F61C-46A1-A002-C3F070B2637F}.Debug|x86.ActiveCfg = Debug|Any CPU
		{3DB02EAC-F61C-46A1-A002-C3F070B2637F}.Debug|x86.Build.0 = Debug|Any CPU
		{3DB02EAC-F61C-46A1-A002-C3F070B2637F}.Release|Any CPU.ActiveCfg = Release|Any CPU
		{3DB02EAC-F61C-46A1-A002-C3F070B2637F}.Release|Any CPU.Build.0 = Release|Any CPU
		{3DB02EAC-F61C-46A1-A002-C3F070B2637F}.Release|x64.ActiveCfg = Release|Any CPU
		{3DB02EAC-F61C-46A1-A002-C3F070B2637F}.Release|x64.Build.0 = Release|Any CPU
		{3DB02EAC-F61C-46A1-A002-C3F070B2637F}.Release|x86.ActiveCfg = Release|Any CPU
		{3DB02EAC-F61C-46A1-A002-C3F070B2637F}.Release|x86.Build.0 = Release|Any CPU
		{1CB1FC5A-22FA-4562-A162-9B21A2B42637}.Debug|Any CPU.ActiveCfg = Debug|Any CPU
		{1CB1FC5A-22FA-4562-A162-9B21A2B42637}.Debug|Any CPU.Build.0 = Debug|Any CPU
		{1CB1FC5A-22FA-4562-A162-9B21A2B42637}.Debug|x64.ActiveCfg = Debug|Any CPU
		{1CB1FC5A-22FA-4562-A162-9B21A2B42637}.Debug|x64.Build.0 = Debug|Any CPU
		{1CB1FC5A-22FA-4562-A162-9B21A2B42637}.Debug|x86.ActiveCfg = Debug|Any CPU
		{1CB1FC5A-22FA-4562-A162-9B21A2B42637}.Debug|x86.Build.0 = Debug|Any CPU
		{1CB1FC5A-22FA-4562-A162-9B21A2B42637}.Release|Any CPU.ActiveCfg = Release|Any CPU
		{1CB1FC5A-22FA-4562-A162-9B21A2B42637}.Release|Any CPU.Build.0 = Release|Any CPU
		{1CB1FC5A-22FA-4562-A162-9B21A2B42637}.Release|x64.ActiveCfg = Release|Any CPU
		{1CB1FC5A-22FA-4562-A162-9B21A2B42637}.Release|x64.Build.0 = Release|Any CPU
		{1CB1FC5A-22FA-4562-A162-9B21A2B42637}.Release|x86.ActiveCfg = Release|Any CPU
		{1CB1FC5A-22FA-4562-A162-9B21A2B42637}.Release|x86.Build.0 = Release|Any CPU
		{06745DC9-FC87-4BF2-AED1-7FABFFAF30E7}.Debug|Any CPU.ActiveCfg = Debug|Any CPU
		{06745DC9-FC87-4BF2-AED1-7FABFFAF30E7}.Debug|Any CPU.Build.0 = Debug|Any CPU
		{06745DC9-FC87-4BF2-AED1-7FABFFAF30E7}.Debug|x64.ActiveCfg = Debug|Any CPU
		{06745DC9-FC87-4BF2-AED1-7FABFFAF30E7}.Debug|x64.Build.0 = Debug|Any CPU
		{06745DC9-FC87-4BF2-AED1-7FABFFAF30E7}.Debug|x86.ActiveCfg = Debug|Any CPU
		{06745DC9-FC87-4BF2-AED1-7FABFFAF30E7}.Debug|x86.Build.0 = Debug|Any CPU
		{06745DC9-FC87-4BF2-AED1-7FABFFAF30E7}.Release|Any CPU.ActiveCfg = Release|Any CPU
		{06745DC9-FC87-4BF2-AED1-7FABFFAF30E7}.Release|Any CPU.Build.0 = Release|Any CPU
		{06745DC9-FC87-4BF2-AED1-7FABFFAF30E7}.Release|x64.ActiveCfg = Release|Any CPU
		{06745DC9-FC87-4BF2-AED1-7FABFFAF30E7}.Release|x64.Build.0 = Release|Any CPU
		{06745DC9-FC87-4BF2-AED1-7FABFFAF30E7}.Release|x86.ActiveCfg = Release|Any CPU
		{06745DC9-FC87-4BF2-AED1-7FABFFAF30E7}.Release|x86.Build.0 = Release|Any CPU
		{0C21FE61-4B07-439F-B9E5-B97184BE8F22}.Debug|Any CPU.ActiveCfg = Debug|Any CPU
		{0C21FE61-4B07-439F-B9E5-B97184BE8F22}.Debug|Any CPU.Build.0 = Debug|Any CPU
		{0C21FE61-4B07-439F-B9E5-B97184BE8F22}.Debug|x64.ActiveCfg = Debug|Any CPU
		{0C21FE61-4B07-439F-B9E5-B97184BE8F22}.Debug|x64.Build.0 = Debug|Any CPU
		{0C21FE61-4B07-439F-B9E5-B97184BE8F22}.Debug|x86.ActiveCfg = Debug|Any CPU
		{0C21FE61-4B07-439F-B9E5-B97184BE8F22}.Debug|x86.Build.0 = Debug|Any CPU
		{0C21FE61-4B07-439F-B9E5-B97184BE8F22}.Release|Any CPU.ActiveCfg = Release|Any CPU
		{0C21FE61-4B07-439F-B9E5-B97184BE8F22}.Release|Any CPU.Build.0 = Release|Any CPU
		{0C21FE61-4B07-439F-B9E5-B97184BE8F22}.Release|x64.ActiveCfg = Release|Any CPU
		{0C21FE61-4B07-439F-B9E5-B97184BE8F22}.Release|x64.Build.0 = Release|Any CPU
		{0C21FE61-4B07-439F-B9E5-B97184BE8F22}.Release|x86.ActiveCfg = Release|Any CPU
		{0C21FE61-4B07-439F-B9E5-B97184BE8F22}.Release|x86.Build.0 = Release|Any CPU
		{9F5F6E34-5FB1-4546-A6F3-4874F1B772E2}.Debug|Any CPU.ActiveCfg = Debug|Any CPU
		{9F5F6E34-5FB1-4546-A6F3-4874F1B772E2}.Debug|Any CPU.Build.0 = Debug|Any CPU
		{9F5F6E34-5FB1-4546-A6F3-4874F1B772E2}.Debug|x64.ActiveCfg = Debug|Any CPU
		{9F5F6E34-5FB1-4546-A6F3-4874F1B772E2}.Debug|x64.Build.0 = Debug|Any CPU
		{9F5F6E34-5FB1-4546-A6F3-4874F1B772E2}.Debug|x86.ActiveCfg = Debug|Any CPU
		{9F5F6E34-5FB1-4546-A6F3-4874F1B772E2}.Debug|x86.Build.0 = Debug|Any CPU
		{9F5F6E34-5FB1-4546-A6F3-4874F1B772E2}.Release|Any CPU.ActiveCfg = Release|Any CPU
		{9F5F6E34-5FB1-4546-A6F3-4874F1B772E2}.Release|Any CPU.Build.0 = Release|Any CPU
		{9F5F6E34-5FB1-4546-A6F3-4874F1B772E2}.Release|x64.ActiveCfg = Release|Any CPU
		{9F5F6E34-5FB1-4546-A6F3-4874F1B772E2}.Release|x64.Build.0 = Release|Any CPU
		{9F5F6E34-5FB1-4546-A6F3-4874F1B772E2}.Release|x86.ActiveCfg = Release|Any CPU
		{9F5F6E34-5FB1-4546-A6F3-4874F1B772E2}.Release|x86.Build.0 = Release|Any CPU
		{CA7E4CA7-871C-4EC9-A756-010BF3C22933}.Debug|Any CPU.ActiveCfg = Debug|Any CPU
		{CA7E4CA7-871C-4EC9-A756-010BF3C22933}.Debug|Any CPU.Build.0 = Debug|Any CPU
		{CA7E4CA7-871C-4EC9-A756-010BF3C22933}.Debug|x64.ActiveCfg = Debug|Any CPU
		{CA7E4CA7-871C-4EC9-A756-010BF3C22933}.Debug|x64.Build.0 = Debug|Any CPU
		{CA7E4CA7-871C-4EC9-A756-010BF3C22933}.Debug|x86.ActiveCfg = Debug|Any CPU
		{CA7E4CA7-871C-4EC9-A756-010BF3C22933}.Debug|x86.Build.0 = Debug|Any CPU
		{CA7E4CA7-871C-4EC9-A756-010BF3C22933}.Release|Any CPU.ActiveCfg = Release|Any CPU
		{CA7E4CA7-871C-4EC9-A756-010BF3C22933}.Release|Any CPU.Build.0 = Release|Any CPU
		{CA7E4CA7-871C-4EC9-A756-010BF3C22933}.Release|x64.ActiveCfg = Release|Any CPU
		{CA7E4CA7-871C-4EC9-A756-010BF3C22933}.Release|x64.Build.0 = Release|Any CPU
		{CA7E4CA7-871C-4EC9-A756-010BF3C22933}.Release|x86.ActiveCfg = Release|Any CPU
		{CA7E4CA7-871C-4EC9-A756-010BF3C22933}.Release|x86.Build.0 = Release|Any CPU
		{33F5E9D7-73DF-412F-8B4C-1A7FE272C4FC}.Debug|Any CPU.ActiveCfg = Debug|Any CPU
		{33F5E9D7-73DF-412F-8B4C-1A7FE272C4FC}.Debug|Any CPU.Build.0 = Debug|Any CPU
		{33F5E9D7-73DF-412F-8B4C-1A7FE272C4FC}.Debug|x64.ActiveCfg = Debug|Any CPU
		{33F5E9D7-73DF-412F-8B4C-1A7FE272C4FC}.Debug|x64.Build.0 = Debug|Any CPU
		{33F5E9D7-73DF-412F-8B4C-1A7FE272C4FC}.Debug|x86.ActiveCfg = Debug|Any CPU
		{33F5E9D7-73DF-412F-8B4C-1A7FE272C4FC}.Debug|x86.Build.0 = Debug|Any CPU
		{33F5E9D7-73DF-412F-8B4C-1A7FE272C4FC}.Release|Any CPU.ActiveCfg = Release|Any CPU
		{33F5E9D7-73DF-412F-8B4C-1A7FE272C4FC}.Release|Any CPU.Build.0 = Release|Any CPU
		{33F5E9D7-73DF-412F-8B4C-1A7FE272C4FC}.Release|x64.ActiveCfg = Release|Any CPU
		{33F5E9D7-73DF-412F-8B4C-1A7FE272C4FC}.Release|x64.Build.0 = Release|Any CPU
		{33F5E9D7-73DF-412F-8B4C-1A7FE272C4FC}.Release|x86.ActiveCfg = Release|Any CPU
		{33F5E9D7-73DF-412F-8B4C-1A7FE272C4FC}.Release|x86.Build.0 = Release|Any CPU
	EndGlobalSection
	GlobalSection(SolutionProperties) = preSolution
		HideSolutionNode = FALSE
	EndGlobalSection
	GlobalSection(NestedProjects) = preSolution
		{CA7E4CA7-871C-4EC9-A756-010BF3C22933} = {827E0CD3-B72D-47B6-A68D-7590B98EB39B}
	EndGlobalSection
EndGlobal
