
Microsoft Visual Studio Solution File, Format Version 12.00
# Visual Studio Version 17
VisualStudioVersion = 17.0.31903.59
MinimumVisualStudioVersion = 10.0.40219.1
Project("{FAE04EC0-301F-11D3-BF4B-00C04F79EFBC}") = "HCore.Packages.TestDemo", "HCore.Packages.TestDemo\HCore.Packages.TestDemo.csproj", "{1CB1FC5A-22FA-4562-A162-9B21A2B42637}"
EndProject
Project("{FAE04EC0-301F-11D3-BF4B-00C04F79EFBC}") = "AFCP", "AFCP\AFCP.csproj", "{06745DC9-FC87-4BF2-AED1-7FABFFAF30E7}"
EndProject
Project("{FAE04EC0-301F-11D3-BF4B-00C04F79EFBC}") = "KASerializer", "afcp\kaserializer\src\KASerializer\KASerializer.csproj", "{9F5F6E34-5FB1-4546-A6F3-4874F1B772E2}"
EndProject
Project("{FAE04EC0-301F-11D3-BF4B-00C04F79EFBC}") = "HCore.Main", "HCore.Main\HCore.Main.csproj", "{8299233E-66EE-4B6E-BBF7-D0A96EF69D49}"
EndProject
Project("{FAE04EC0-301F-11D3-BF4B-00C04F79EFBC}") = "HCore.Modules.Base", "HCore.Modules.Base\HCore.Modules.Base.csproj", "{C7BE3266-F1D4-4F9D-BF15-410DD1856302}"
EndProject
Global
	GlobalSection(SolutionConfigurationPlatforms) = preSolution
		Debug|Any CPU = Debug|Any CPU
		Debug|x64 = Debug|x64
		Debug|x86 = Debug|x86
		Release|Any CPU = Release|Any CPU
		Release|x64 = Release|x64
		Release|x86 = Release|x86
	EndGlobalSection
	GlobalSection(ProjectConfigurationPlatforms) = postSolution
		{1CB1FC5A-22FA-4562-A162-9B21A2B42637}.Debug|Any CPU.ActiveCfg = Debug|Any CPU
		{1CB1FC5A-22FA-4562-A162-9B21A2B42637}.Debug|Any CPU.Build.0 = Debug|Any CPU
		{1CB1FC5A-22FA-4562-A162-9B21A2B42637}.Debug|x64.ActiveCfg = Debug|Any CPU
		{1CB1FC5A-22FA-4562-A162-9B21A2B42637}.Debug|x64.Build.0 = Debug|Any CPU
		{1CB1FC5A-22FA-4562-A162-9B21A2B42637}.Debug|x86.ActiveCfg = Debug|Any CPU
		{1CB1FC5A-22FA-4562-A162-9B21A2B42637}.Debug|x86.Build.0 = Debug|Any CPU
		{1CB1FC5A-22FA-4562-A162-9B21A2B42637}.Release|Any CPU.ActiveCfg = Release|Any CPU
		{1CB1FC5A-22FA-4562-A162-9B21A2B42637}.Release|Any CPU.Build.0 = Release|Any CPU
		{1CB1FC5A-22FA-4562-A162-9B21A2B42637}.Release|x64.ActiveCfg = Release|Any CPU
		{1CB1FC5A-22FA-4562-A162-9B21A2B42637}.Release|x64.Build.0 = Release|Any CPU
		{1CB1FC5A-22FA-4562-A162-9B21A2B42637}.Release|x86.ActiveCfg = Release|Any CPU
		{1CB1FC5A-22FA-4562-A162-9B21A2B42637}.Release|x86.Build.0 = Release|Any CPU
		{06745DC9-FC87-4BF2-AED1-7FABFFAF30E7}.Debug|Any CPU.ActiveCfg = Debug|Any CPU
		{06745DC9-FC87-4BF2-AED1-7FABFFAF30E7}.Debug|Any CPU.Build.0 = Debug|Any CPU
		{06745DC9-FC87-4BF2-AED1-7FABFFAF30E7}.Debug|x64.ActiveCfg = Debug|Any CPU
		{06745DC9-FC87-4BF2-AED1-7FABFFAF30E7}.Debug|x64.Build.0 = Debug|Any CPU
		{06745DC9-FC87-4BF2-AED1-7FABFFAF30E7}.Debug|x86.ActiveCfg = Debug|Any CPU
		{06745DC9-FC87-4BF2-AED1-7FABFFAF30E7}.Debug|x86.Build.0 = Debug|Any CPU
		{06745DC9-FC87-4BF2-AED1-7FABFFAF30E7}.Release|Any CPU.ActiveCfg = Release|Any CPU
		{06745DC9-FC87-4BF2-AED1-7FABFFAF30E7}.Release|Any CPU.Build.0 = Release|Any CPU
		{06745DC9-FC87-4BF2-AED1-7FABFFAF30E7}.Release|x64.ActiveCfg = Release|Any CPU
		{06745DC9-FC87-4BF2-AED1-7FABFFAF30E7}.Release|x64.Build.0 = Release|Any CPU
		{06745DC9-FC87-4BF2-AED1-7FABFFAF30E7}.Release|x86.ActiveCfg = Release|Any CPU
		{06745DC9-FC87-4BF2-AED1-7FABFFAF30E7}.Release|x86.Build.0 = Release|Any CPU
		{9F5F6E34-5FB1-4546-A6F3-4874F1B772E2}.Debug|Any CPU.ActiveCfg = Debug|Any CPU
		{9F5F6E34-5FB1-4546-A6F3-4874F1B772E2}.Debug|Any CPU.Build.0 = Debug|Any CPU
		{9F5F6E34-5FB1-4546-A6F3-4874F1B772E2}.Debug|x64.ActiveCfg = Debug|Any CPU
		{9F5F6E34-5FB1-4546-A6F3-4874F1B772E2}.Debug|x64.Build.0 = Debug|Any CPU
		{9F5F6E34-5FB1-4546-A6F3-4874F1B772E2}.Debug|x86.ActiveCfg = Debug|Any CPU
		{9F5F6E34-5FB1-4546-A6F3-4874F1B772E2}.Debug|x86.Build.0 = Debug|Any CPU
		{9F5F6E34-5FB1-4546-A6F3-4874F1B772E2}.Release|Any CPU.ActiveCfg = Release|Any CPU
		{9F5F6E34-5FB1-4546-A6F3-4874F1B772E2}.Release|Any CPU.Build.0 = Release|Any CPU
		{9F5F6E34-5FB1-4546-A6F3-4874F1B772E2}.Release|x64.ActiveCfg = Release|Any CPU
		{9F5F6E34-5FB1-4546-A6F3-4874F1B772E2}.Release|x64.Build.0 = Release|Any CPU
		{9F5F6E34-5FB1-4546-A6F3-4874F1B772E2}.Release|x86.ActiveCfg = Release|Any CPU
		{9F5F6E34-5FB1-4546-A6F3-4874F1B772E2}.Release|x86.Build.0 = Release|Any CPU
		{8299233E-66EE-4B6E-BBF7-D0A96EF69D49}.Debug|Any CPU.ActiveCfg = Debug|Any CPU
		{8299233E-66EE-4B6E-BBF7-D0A96EF69D49}.Debug|Any CPU.Build.0 = Debug|Any CPU
		{8299233E-66EE-4B6E-BBF7-D0A96EF69D49}.Debug|x64.ActiveCfg = Debug|Any CPU
		{8299233E-66EE-4B6E-BBF7-D0A96EF69D49}.Debug|x64.Build.0 = Debug|Any CPU
		{8299233E-66EE-4B6E-BBF7-D0A96EF69D49}.Debug|x86.ActiveCfg = Debug|Any CPU
		{8299233E-66EE-4B6E-BBF7-D0A96EF69D49}.Debug|x86.Build.0 = Debug|Any CPU
		{8299233E-66EE-4B6E-BBF7-D0A96EF69D49}.Release|Any CPU.ActiveCfg = Release|Any CPU
		{8299233E-66EE-4B6E-BBF7-D0A96EF69D49}.Release|Any CPU.Build.0 = Release|Any CPU
		{8299233E-66EE-4B6E-BBF7-D0A96EF69D49}.Release|x64.ActiveCfg = Release|Any CPU
		{8299233E-66EE-4B6E-BBF7-D0A96EF69D49}.Release|x64.Build.0 = Release|Any CPU
		{8299233E-66EE-4B6E-BBF7-D0A96EF69D49}.Release|x86.ActiveCfg = Release|Any CPU
		{8299233E-66EE-4B6E-BBF7-D0A96EF69D49}.Release|x86.Build.0 = Release|Any CPU
		{C7BE3266-F1D4-4F9D-BF15-410DD1856302}.Debug|Any CPU.ActiveCfg = Debug|Any CPU
		{C7BE3266-F1D4-4F9D-BF15-410DD1856302}.Debug|Any CPU.Build.0 = Debug|Any CPU
		{C7BE3266-F1D4-4F9D-BF15-410DD1856302}.Debug|x64.ActiveCfg = Debug|Any CPU
		{C7BE3266-F1D4-4F9D-BF15-410DD1856302}.Debug|x64.Build.0 = Debug|Any CPU
		{C7BE3266-F1D4-4F9D-BF15-410DD1856302}.Debug|x86.ActiveCfg = Debug|Any CPU
		{C7BE3266-F1D4-4F9D-BF15-410DD1856302}.Debug|x86.Build.0 = Debug|Any CPU
		{C7BE3266-F1D4-4F9D-BF15-410DD1856302}.Release|Any CPU.ActiveCfg = Release|Any CPU
		{C7BE3266-F1D4-4F9D-BF15-410DD1856302}.Release|Any CPU.Build.0 = Release|Any CPU
		{C7BE3266-F1D4-4F9D-BF15-410DD1856302}.Release|x64.ActiveCfg = Release|Any CPU
		{C7BE3266-F1D4-4F9D-BF15-410DD1856302}.Release|x64.Build.0 = Release|Any CPU
		{C7BE3266-F1D4-4F9D-BF15-410DD1856302}.Release|x86.ActiveCfg = Release|Any CPU
		{C7BE3266-F1D4-4F9D-BF15-410DD1856302}.Release|x86.Build.0 = Release|Any CPU
	EndGlobalSection
	GlobalSection(SolutionProperties) = preSolution
		HideSolutionNode = FALSE
	EndGlobalSection
EndGlobal
